
Microsoft Visual Studio Solution File, Format Version 12.00
# Visual Studio Version 16
VisualStudioVersion = 16.0.29123.88
MinimumVisualStudioVersion = 10.0.40219.1
Project("{9A19103F-16F7-4668-BE54-9A1E7A4F7556}") = "AuthenticationServer", "AuthenticationServer\AuthenticationServer.csproj", "{4326E913-5F9A-46E2-B777-0A438D4ED9FC}"
EndProject
Project("{FAE04EC0-301F-11D3-BF4B-00C04F79EFBC}") = "WebServer", "WebServer\WebServer.csproj", "{BB7EDD85-7A73-405C-943B-440A58C11411}"
EndProject
Global
	GlobalSection(SolutionConfigurationPlatforms) = preSolution
		Debug|Any CPU = Debug|Any CPU
		Release|Any CPU = Release|Any CPU
	EndGlobalSection
	GlobalSection(ProjectConfigurationPlatforms) = postSolution
		{4326E913-5F9A-46E2-B777-0A438D4ED9FC}.Debug|Any CPU.ActiveCfg = Debug|Any CPU
		{4326E913-5F9A-46E2-B777-0A438D4ED9FC}.Debug|Any CPU.Build.0 = Debug|Any CPU
		{4326E913-5F9A-46E2-B777-0A438D4ED9FC}.Release|Any CPU.ActiveCfg = Release|Any CPU
		{4326E913-5F9A-46E2-B777-0A438D4ED9FC}.Release|Any CPU.Build.0 = Release|Any CPU
		{BB7EDD85-7A73-405C-943B-440A58C11411}.Debug|Any CPU.ActiveCfg = Debug|Any CPU
		{BB7EDD85-7A73-405C-943B-440A58C11411}.Debug|Any CPU.Build.0 = Debug|Any CPU
		{BB7EDD85-7A73-405C-943B-440A58C11411}.Release|Any CPU.ActiveCfg = Release|Any CPU
		{BB7EDD85-7A73-405C-943B-440A58C11411}.Release|Any CPU.Build.0 = Release|Any CPU
	EndGlobalSection
	GlobalSection(SolutionProperties) = preSolution
		HideSolutionNode = FALSE
	EndGlobalSection
	GlobalSection(ExtensibilityGlobals) = postSolution
		SolutionGuid = {498BB1FD-AF87-478D-94F9-6AC23F491BB2}
	EndGlobalSection
EndGlobal
